<?xml version="1.0" encoding="utf-8"?>
<Project ToolsVersion="4.0" xmlns="http://schemas.microsoft.com/developer/msbuild/2003">
  <ItemGroup>
    <Filter Include="ThirdParty">
      <UniqueIdentifier>{64da1c16-e79a-459c-ab9d-ece4dbf3b2c9}</UniqueIdentifier>
    </Filter>
    <Filter Include="ThirdParty\stb">
      <UniqueIdentifier>{ecd235e4-a60e-47d7-bf52-93dfe30cb355}</UniqueIdentifier>
    </Filter>
    <Filter Include="ThirdParty\fmod">
      <UniqueIdentifier>{b4ca5da3-5d77-47d1-b6b0-5ab3ff61d5c5}</UniqueIdentifier>
    </Filter>
    <Filter Include="ThirdParty\pugixml">
      <UniqueIdentifier>{22eee405-3868-46f8-9ecc-a294e4e7687e}</UniqueIdentifier>
    </Filter>
    <Filter Include="ThirdParty\yaml-cpp">
      <UniqueIdentifier>{eab496f2-fe0a-41b5-8a28-8921c6f0d75d}</UniqueIdentifier>
    </Filter>
    <Filter Include="ThirdParty\yaml-cpp\contrib">
      <UniqueIdentifier>{c0c8ecbd-51b6-4914-a253-c994469ae800}</UniqueIdentifier>
    </Filter>
    <Filter Include="ThirdParty\yaml-cpp\node">
      <UniqueIdentifier>{d07e2844-dc4b-467a-a4ca-5ed85d1bd3df}</UniqueIdentifier>
    </Filter>
    <Filter Include="ThirdParty\yaml-cpp\node\detail">
      <UniqueIdentifier>{df0b84ee-02cb-48c7-8495-e6ad3e3f4b7c}</UniqueIdentifier>
    </Filter>
    <Filter Include="ThirdParty\gsl">
      <UniqueIdentifier>{5d7d5f30-fdb7-4c58-b005-c0d3fca3db2f}</UniqueIdentifier>
    </Filter>
    <Filter Include="ThirdParty\nlohmann-json">
      <UniqueIdentifier>{fe7226f5-3749-4d39-8de6-810f5eb76bc5}</UniqueIdentifier>
    </Filter>
    <Filter Include="ThirdParty\mikktspace">
      <UniqueIdentifier>{0e388fb6-a62c-490a-8995-4a090fc95ee0}</UniqueIdentifier>
    </Filter>
    <Filter Include="Engine">
      <UniqueIdentifier>{875eb640-2e51-416e-aaa0-4b6b617c2fd5}</UniqueIdentifier>
    </Filter>
    <Filter Include="Engine\Application">
      <UniqueIdentifier>{065b07b7-9fc3-4b9f-b8db-a54f1d2cb14d}</UniqueIdentifier>
    </Filter>
    <Filter Include="Engine\Audio">
      <UniqueIdentifier>{5cd8c28f-cd73-41af-86fa-13695fbd5153}</UniqueIdentifier>
    </Filter>
    <Filter Include="Engine\Core">
      <UniqueIdentifier>{1bb7e7c3-0047-43be-9538-e05bb2df9a86}</UniqueIdentifier>
    </Filter>
    <Filter Include="Engine\Core\Misc">
      <UniqueIdentifier>{4e94cd7d-4d60-4162-bb5f-b5bca35f78ad}</UniqueIdentifier>
    </Filter>
    <Filter Include="Engine\Core\Time">
      <UniqueIdentifier>{b0d60807-4c40-44e9-9165-35e7334c1258}</UniqueIdentifier>
    </Filter>
    <Filter Include="Engine\Debug">
      <UniqueIdentifier>{3b3ab295-91a8-4e8d-b786-17e009e9614c}</UniqueIdentifier>
    </Filter>
    <Filter Include="Engine\Debug\Console">
      <UniqueIdentifier>{4db2c1bd-f3f1-41dd-a2a4-b887e46bae6a}</UniqueIdentifier>
    </Filter>
    <Filter Include="Engine\Effect">
      <UniqueIdentifier>{c0acd46b-8555-43b3-aa10-b3697df4c7f4}</UniqueIdentifier>
    </Filter>
    <Filter Include="Engine\File">
      <UniqueIdentifier>{8b6df7c6-a558-41d7-98e7-6f8caaf38b68}</UniqueIdentifier>
    </Filter>
    <Filter Include="Engine\Framework">
      <UniqueIdentifier>{29d1247b-b02e-40df-8270-d96cf0b4bac0}</UniqueIdentifier>
    </Filter>
    <Filter Include="Engine\Input">
      <UniqueIdentifier>{c13b14c1-3e86-4b6b-8aba-ab270f5427d4}</UniqueIdentifier>
    </Filter>
    <Filter Include="Engine\Math">
      <UniqueIdentifier>{3414708f-28cd-40bf-9ae7-5ad67f955f26}</UniqueIdentifier>
    </Filter>
    <Filter Include="Engine\Math\Noise">
      <UniqueIdentifier>{44d7ecc3-e84e-4180-84de-87e464395009}</UniqueIdentifier>
    </Filter>
    <Filter Include="Engine\Math\Primitives">
      <UniqueIdentifier>{61183449-a585-49e8-af76-28a2a3568fd7}</UniqueIdentifier>
    </Filter>
    <Filter Include="Engine\Persistence">
      <UniqueIdentifier>{2d06a7aa-f679-44d5-9469-11ebc5c3a063}</UniqueIdentifier>
    </Filter>
    <Filter Include="Engine\Renderer">
      <UniqueIdentifier>{ad2eac7c-cfa4-4f98-838a-799d8c700820}</UniqueIdentifier>
    </Filter>
    <Filter Include="Engine\Renderer\External">
      <UniqueIdentifier>{d1bce8d8-4c01-411f-ab2a-c0e4cb20b92c}</UniqueIdentifier>
    </Filter>
    <Filter Include="Engine\Renderer\External\gl">
      <UniqueIdentifier>{963fcc2d-ea1a-4f26-8ff9-f557bcc27e3b}</UniqueIdentifier>
    </Filter>
    <Filter Include="Engine\Renderer\Shader">
      <UniqueIdentifier>{cb708e38-def9-4fbd-be53-d21baa6a4912}</UniqueIdentifier>
    </Filter>
    <Filter Include="Engine\Renderer\Geometry">
      <UniqueIdentifier>{76d417b5-9f03-4dc0-bf60-a310f5722d8d}</UniqueIdentifier>
    </Filter>
    <Filter Include="Engine\Renderer\Renderable">
      <UniqueIdentifier>{f7cada3c-1b9a-46db-bbe9-701b4b1bcdf4}</UniqueIdentifier>
    </Filter>
    <Filter Include="Engine\Renderer\AfterEffect">
      <UniqueIdentifier>{0de6dbe7-d3dc-4495-ac5c-0378aaed858f}</UniqueIdentifier>
    </Filter>
    <Filter Include="Engine\Tool">
      <UniqueIdentifier>{3c76a7d3-1291-4301-90ff-f4a9e1a09f77}</UniqueIdentifier>
    </Filter>
    <Filter Include="Content">
      <UniqueIdentifier>{dfa8cc8e-d3f0-457a-8ea9-8a6d67051717}</UniqueIdentifier>
    </Filter>
    <Filter Include="Content\font">
      <UniqueIdentifier>{41a307dd-104d-4211-8e3f-a2561a9a557d}</UniqueIdentifier>
    </Filter>
    <Filter Include="Content\shader">
      <UniqueIdentifier>{5bdc5864-d965-4b17-9f87-5b5ed08498c4}</UniqueIdentifier>
    </Filter>
    <Filter Include="Content\image">
      <UniqueIdentifier>{e7b92b58-61da-4628-a8b1-d01193312ed0}</UniqueIdentifier>
    </Filter>
    <Filter Include="Content\shader\debug">
      <UniqueIdentifier>{35aacbdc-bfcb-47d2-ba84-a55d9682c6d5}</UniqueIdentifier>
    </Filter>
    <Filter Include="Content\shader\default">
      <UniqueIdentifier>{f41617c2-5584-4c86-8e46-97a1f4c95cd4}</UniqueIdentifier>
    </Filter>
    <Filter Include="Content\shader\effect">
      <UniqueIdentifier>{d5bafb9f-9f6d-4a85-a57f-2f9003e82078}</UniqueIdentifier>
    </Filter>
    <Filter Include="Content\shader\particle">
      <UniqueIdentifier>{36e251cf-b5c7-4049-90bc-1bb14c49a2d3}</UniqueIdentifier>
    </Filter>
    <Filter Include="Content\shader\ui">
      <UniqueIdentifier>{d3f50f51-4852-4aec-a204-46c88d96b086}</UniqueIdentifier>
    </Filter>
    <Filter Include="Engine\Graphics">
      <UniqueIdentifier>{d12f6d0e-a588-4a04-b122-ff428d067f37}</UniqueIdentifier>
    </Filter>
    <Filter Include="Engine\Graphics\RHI">
      <UniqueIdentifier>{d30a8266-cd19-4109-b7ea-0f31959f8a84}</UniqueIdentifier>
    </Filter>
    <Filter Include="Engine\Graphics\RHI\Dx12">
      <UniqueIdentifier>{a74e239e-b04b-42fc-9822-f77a7b6a93e9}</UniqueIdentifier>
    </Filter>
    <Filter Include="Engine\Graphics\Model">
      <UniqueIdentifier>{b522710b-5750-431e-a9ab-d0ae415c6267}</UniqueIdentifier>
    </Filter>
    <Filter Include="Engine\Debug\Profile">
      <UniqueIdentifier>{e9e3a84f-21f6-423c-b6c1-279a5979d15a}</UniqueIdentifier>
    </Filter>
    <Filter Include="Engine\Physics">
      <UniqueIdentifier>{055a2617-3fed-431a-903a-9ce07bfd5f75}</UniqueIdentifier>
    </Filter>
    <Filter Include="Engine\Async">
      <UniqueIdentifier>{bb50a879-b402-48dd-8d84-403e5e2990d1}</UniqueIdentifier>
    </Filter>
    <Filter Include="Engine\Graphics\Program">
      <UniqueIdentifier>{120d53e1-ff5b-4681-8598-4f9b99b39277}</UniqueIdentifier>
    </Filter>
    <Filter Include="ThirdParty\d3d12">
      <UniqueIdentifier>{f5fe72b5-0c0c-4669-a2eb-b03fcc721ddd}</UniqueIdentifier>
    </Filter>
    <Filter Include="ThirdParty\d3d12\FallbackLayer">
      <UniqueIdentifier>{84a64db2-9e5d-4fd9-b86e-14e750118db5}</UniqueIdentifier>
    </Filter>
    <Filter Include="Engine\Renderer\SceneRenderer">
      <UniqueIdentifier>{0d89f65c-7bdc-4dc7-840e-309f4712771e}</UniqueIdentifier>
    </Filter>
    <Filter Include="ThirdParty\WinPixEventRuntime">
      <UniqueIdentifier>{518d4bd5-e58c-491c-bc72-cb8b77592c59}</UniqueIdentifier>
    </Filter>
    <Filter Include="ThirdParty\WinPixEventRuntime\bin">
      <UniqueIdentifier>{1bcfa468-e99e-4e80-adab-66b8530e88d6}</UniqueIdentifier>
    </Filter>
    <Filter Include="ThirdParty\WinPixEventRuntime\include">
      <UniqueIdentifier>{80227814-43ff-461f-bd36-ddbc0aa8ef0a}</UniqueIdentifier>
    </Filter>
  </ItemGroup>
  <ItemGroup>
    <ClCompile Include="Math\MathUtils.cpp">
      <Filter>Engine\Math</Filter>
    </ClCompile>
    <ClCompile Include="Core\Rgba.cpp">
      <Filter>Engine\Core</Filter>
    </ClCompile>
    <ClCompile Include="Renderer\Renderer.cpp">
      <Filter>Engine\Renderer</Filter>
    </ClCompile>
    <ClCompile Include="Input\Input.cpp">
      <Filter>Engine\Input</Filter>
    </ClCompile>
    <ClCompile Include="Input\XboxController.cpp">
      <Filter>Engine\Input</Filter>
    </ClCompile>
    <ClCompile Include="Renderer\Texture.cpp">
      <Filter>Engine\Renderer</Filter>
    </ClCompile>
    <ClCompile Include="..\ThirdParty\stb\stb_image.c">
      <Filter>ThirdParty\stb</Filter>
    </ClCompile>
    <ClCompile Include="Renderer\SpriteSheet.cpp">
      <Filter>Engine\Renderer</Filter>
    </ClCompile>
    <ClCompile Include="Core\StringUtils.cpp">
      <Filter>Engine\Core</Filter>
    </ClCompile>
    <ClCompile Include="Audio\Audio.cpp">
      <Filter>Engine\Audio</Filter>
    </ClCompile>
    <ClCompile Include="..\ThirdParty\pugixml\pugixml.cpp">
      <Filter>ThirdParty\pugixml</Filter>
    </ClCompile>
    <ClCompile Include="Core\Blackboard.cpp">
      <Filter>Engine\Core</Filter>
    </ClCompile>
    <ClCompile Include="Core\EngineCommon.cpp">
      <Filter>Engine\Core</Filter>
    </ClCompile>
    <ClCompile Include="Core\Image.cpp">
      <Filter>Engine\Core</Filter>
    </ClCompile>
    <ClCompile Include="Renderer\BitmapFont.cpp">
      <Filter>Engine\Renderer</Filter>
    </ClCompile>
    <ClCompile Include="Renderer\SpriteAnimSet.cpp">
      <Filter>Engine\Renderer</Filter>
    </ClCompile>
    <ClCompile Include="Renderer\SpriteAnim.cpp">
      <Filter>Engine\Renderer</Filter>
    </ClCompile>
    <ClCompile Include="Math\Curves.cpp">
      <Filter>Engine\Math</Filter>
    </ClCompile>
    <ClCompile Include="Math\Noise\RawNoise.cpp">
      <Filter>Engine\Math\Noise</Filter>
    </ClCompile>
    <ClCompile Include="Math\Noise\SmoothNoise.cpp">
      <Filter>Engine\Math\Noise</Filter>
    </ClCompile>
    <ClCompile Include="Math\Noise\Noise.cpp">
      <Filter>Engine\Math\Noise</Filter>
    </ClCompile>
    <ClCompile Include="Renderer\glFunctions.cpp">
      <Filter>Engine\Renderer</Filter>
    </ClCompile>
    <ClCompile Include="Renderer\RenderBuffer.cpp">
      <Filter>Engine\Renderer</Filter>
    </ClCompile>
    <ClCompile Include="File\Blob.cpp">
      <Filter>Engine\File</Filter>
    </ClCompile>
    <ClCompile Include="Application\Window.cpp">
      <Filter>Engine\Application</Filter>
    </ClCompile>
    <ClCompile Include="Renderer\Sampler.cpp">
      <Filter>Engine\Renderer</Filter>
    </ClCompile>
    <ClCompile Include="File\Path.cpp">
      <Filter>Engine\File</Filter>
    </ClCompile>
    <ClCompile Include="Debug\Console\Console.cpp">
      <Filter>Engine\Debug\Console</Filter>
    </ClCompile>
    <ClCompile Include="Debug\Console\Command.cpp">
      <Filter>Engine\Debug\Console</Filter>
    </ClCompile>
    <ClCompile Include="Debug\ErrorWarningAssert.cpp">
      <Filter>Engine\Debug</Filter>
    </ClCompile>
    <ClCompile Include="Renderer\Camera.cpp">
      <Filter>Engine\Renderer</Filter>
    </ClCompile>
    <ClCompile Include="Math\Primitives\AABB2.cpp">
      <Filter>Engine\Math\Primitives</Filter>
    </ClCompile>
    <ClCompile Include="Math\Primitives\Disc2.cpp">
      <Filter>Engine\Math\Primitives</Filter>
    </ClCompile>
    <ClCompile Include="Math\Primitives\FloatRange.cpp">
      <Filter>Engine\Math\Primitives</Filter>
    </ClCompile>
    <ClCompile Include="Math\Primitives\IntRange.cpp">
      <Filter>Engine\Math\Primitives</Filter>
    </ClCompile>
    <ClCompile Include="Math\Primitives\ivec2.cpp">
      <Filter>Engine\Math\Primitives</Filter>
    </ClCompile>
    <ClCompile Include="Math\Primitives\ivec3.cpp">
      <Filter>Engine\Math\Primitives</Filter>
    </ClCompile>
    <ClCompile Include="Math\Primitives\mat44.cpp">
      <Filter>Engine\Math\Primitives</Filter>
    </ClCompile>
    <ClCompile Include="Math\Primitives\uvec2.cpp">
      <Filter>Engine\Math\Primitives</Filter>
    </ClCompile>
    <ClCompile Include="Math\Primitives\uvec3.cpp">
      <Filter>Engine\Math\Primitives</Filter>
    </ClCompile>
    <ClCompile Include="Math\Primitives\vec2.cpp">
      <Filter>Engine\Math\Primitives</Filter>
    </ClCompile>
    <ClCompile Include="Math\Primitives\vec3.cpp">
      <Filter>Engine\Math\Primitives</Filter>
    </ClCompile>
    <ClCompile Include="Math\Primitives\vec4.cpp">
      <Filter>Engine\Math\Primitives</Filter>
    </ClCompile>
    <ClCompile Include="Math\Primitives\rect2.cpp">
      <Filter>Engine\Math\Primitives</Filter>
    </ClCompile>
    <ClCompile Include="..\ThirdParty\stb\stb_image_write.c">
      <Filter>ThirdParty\stb</Filter>
    </ClCompile>
    <ClCompile Include="Core\Misc\Uuid.cpp">
      <Filter>Engine\Core\Misc</Filter>
    </ClCompile>
    <ClCompile Include="Core\Time\Time.cpp">
      <Filter>Engine\Core\Time</Filter>
    </ClCompile>
    <ClCompile Include="Core\Time\Clock.cpp">
      <Filter>Engine\Core\Time</Filter>
    </ClCompile>
    <ClCompile Include="Renderer\UniformBuffer.cpp">
      <Filter>Engine\Renderer</Filter>
    </ClCompile>
    <ClCompile Include="Renderer\Sprite.cpp">
      <Filter>Engine\Renderer</Filter>
    </ClCompile>
    <ClCompile Include="File\Utils.cpp">
      <Filter>Engine\File</Filter>
    </ClCompile>
    <ClCompile Include="File\FileSystem.cpp">
      <Filter>Engine\File</Filter>
    </ClCompile>
    <ClCompile Include="Debug\Draw.cpp">
      <Filter>Engine\Debug</Filter>
    </ClCompile>
    <ClCompile Include="Persistence\json.cpp">
      <Filter>Engine\Persistence</Filter>
    </ClCompile>
    <ClCompile Include="Persistence\xml.cpp">
      <Filter>Engine\Persistence</Filter>
    </ClCompile>
    <ClCompile Include="Persistence\yaml.cpp">
      <Filter>Engine\Persistence</Filter>
    </ClCompile>
    <ClCompile Include="Renderer\Font.cpp">
      <Filter>Engine\Renderer</Filter>
    </ClCompile>
    <ClCompile Include="Core\Resource.cpp">
      <Filter>Engine\Core</Filter>
    </ClCompile>
    <ClCompile Include="Renderer\Geometry\Mesh.cpp">
      <Filter>Engine\Renderer\Geometry</Filter>
    </ClCompile>
    <ClCompile Include="Renderer\Geometry\VertexBuffer.cpp">
      <Filter>Engine\Renderer\Geometry</Filter>
    </ClCompile>
    <ClCompile Include="Renderer\Geometry\IndexBuffer.cpp">
      <Filter>Engine\Renderer\Geometry</Filter>
    </ClCompile>
    <ClCompile Include="Renderer\Geometry\Vertex.cpp">
      <Filter>Engine\Renderer\Geometry</Filter>
    </ClCompile>
    <ClCompile Include="Renderer\Geometry\Mesher.cpp">
      <Filter>Engine\Renderer\Geometry</Filter>
    </ClCompile>
    <ClCompile Include="Core\Gradient.cpp">
      <Filter>Engine\Core</Filter>
    </ClCompile>
    <ClCompile Include="Math\Transform.cpp">
      <Filter>Engine\Math</Filter>
    </ClCompile>
    <ClCompile Include="Renderer\Shader\ShaderProgram.cpp">
      <Filter>Engine\Renderer\Shader</Filter>
    </ClCompile>
    <ClCompile Include="Renderer\Shader\ShaderStage.cpp">
      <Filter>Engine\Renderer\Shader</Filter>
    </ClCompile>
    <ClCompile Include="Renderer\Shader\Shader.cpp">
      <Filter>Engine\Renderer\Shader</Filter>
    </ClCompile>
    <ClCompile Include="..\ThirdParty\mikktspace\mikktspace.c">
      <Filter>ThirdParty\mikktspace</Filter>
    </ClCompile>
    <ClCompile Include="Renderer\Shader\Material.cpp">
      <Filter>Engine\Renderer\Shader</Filter>
    </ClCompile>
    <ClCompile Include="Math\Primitives\quaternion.cpp">
      <Filter>Engine\Math\Primitives</Filter>
    </ClCompile>
    <ClCompile Include="Renderer\Renderable\Renderable.cpp">
      <Filter>Engine\Renderer\Renderable</Filter>
    </ClCompile>
    <ClCompile Include="Renderer\RenderScene.cpp">
      <Filter>Engine\Renderer</Filter>
    </ClCompile>
    <ClCompile Include="Framework\Light.cpp">
      <Filter>Engine\Framework</Filter>
    </ClCompile>
    <ClCompile Include="Renderer\Geometry\ObjMeshLoader.cpp">
      <Filter>Engine\Renderer\Geometry</Filter>
    </ClCompile>
    <ClCompile Include="Renderer\type.cpp">
      <Filter>Engine\Renderer</Filter>
    </ClCompile>
    <ClCompile Include="Renderer\RenderTask.cpp">
      <Filter>Engine\Renderer</Filter>
    </ClCompile>
    <ClCompile Include="Renderer\ForwardRendering.cpp">
      <Filter>Engine\Renderer</Filter>
    </ClCompile>
    <ClCompile Include="Renderer\Shader\ShaderPass.cpp">
      <Filter>Engine\Renderer\Shader</Filter>
    </ClCompile>
    <ClCompile Include="Renderer\Shader\PropertyBlock.cpp">
      <Filter>Engine\Renderer\Shader</Filter>
    </ClCompile>
    <ClCompile Include="Effect\ParticleEmitter.cpp">
      <Filter>Engine\Effect</Filter>
    </ClCompile>
    <ClCompile Include="Renderer\RenderTarget.cpp">
      <Filter>Engine\Renderer</Filter>
    </ClCompile>
    <ClCompile Include="Renderer\AfterEffect\AfterEffect.cpp">
      <Filter>Engine\Renderer\AfterEffect</Filter>
    </ClCompile>
    <ClCompile Include="Renderer\AfterEffect\BloomEffect.cpp">
      <Filter>Engine\Renderer\AfterEffect</Filter>
    </ClCompile>
    <ClCompile Include="Renderer\AfterEffect\FogEffect.cpp">
      <Filter>Engine\Renderer\AfterEffect</Filter>
    </ClCompile>
    <ClCompile Include="File\File.cpp">
      <Filter>Engine\File</Filter>
    </ClCompile>
    <ClCompile Include="Debug\Log.cpp">
      <Filter>Engine\Debug</Filter>
    </ClCompile>
    <ClCompile Include="Core\Engine.cpp">
      <Filter>Engine\Core</Filter>
    </ClCompile>
    <ClCompile Include="Renderer\TextureArray.cpp">
      <Filter>Engine\Renderer</Filter>
    </ClCompile>
    <ClCompile Include="Graphics\RHI\RHI.cpp">
      <Filter>Engine\Graphics\RHI</Filter>
    </ClCompile>
    <ClCompile Include="Graphics\RHI\RHIBuffer.cpp">
      <Filter>Engine\Graphics\RHI</Filter>
    </ClCompile>
    <ClCompile Include="Graphics\RHI\RHIResource.cpp">
      <Filter>Engine\Graphics\RHI</Filter>
    </ClCompile>
    <ClCompile Include="Graphics\RHI\RHIDevice.cpp">
      <Filter>Engine\Graphics\RHI</Filter>
    </ClCompile>
    <ClCompile Include="Graphics\RHI\RHIContext.cpp">
      <Filter>Engine\Graphics\RHI</Filter>
    </ClCompile>
    <ClCompile Include="Graphics\RHI\DescriptorPool.cpp">
      <Filter>Engine\Graphics\RHI</Filter>
    </ClCompile>
    <ClCompile Include="Graphics\RHI\Fence.cpp">
      <Filter>Engine\Graphics\RHI</Filter>
    </ClCompile>
    <ClCompile Include="Graphics\RHI\Dx12\Dx12DescriptorHeap.cpp">
      <Filter>Engine\Graphics\RHI\Dx12</Filter>
    </ClCompile>
    <ClCompile Include="Graphics\RHI\Dx12\Dx12Device.cpp">
      <Filter>Engine\Graphics\RHI\Dx12</Filter>
    </ClCompile>
    <ClCompile Include="Graphics\RHI\Dx12\dx12util.cpp">
      <Filter>Engine\Graphics\RHI\Dx12</Filter>
    </ClCompile>
    <ClCompile Include="Graphics\RHI\FencedPool.cpp">
      <Filter>Engine\Graphics\RHI</Filter>
    </ClCompile>
    <ClCompile Include="Graphics\RHI\RHIContextData.cpp">
      <Filter>Engine\Graphics\RHI</Filter>
    </ClCompile>
    <ClCompile Include="Graphics\RHI\Dx12\Dx12ContextData.cpp">
      <Filter>Engine\Graphics\RHI\Dx12</Filter>
    </ClCompile>
    <ClCompile Include="Graphics\RHI\Dx12\Dx12Buffer.cpp">
      <Filter>Engine\Graphics\RHI\Dx12</Filter>
    </ClCompile>
    <ClCompile Include="Graphics\RHI\Dx12\Dx12Resource.cpp">
      <Filter>Engine\Graphics\RHI\Dx12</Filter>
    </ClCompile>
    <ClCompile Include="Graphics\RHI\Dx12\Dx12Context.cpp">
      <Filter>Engine\Graphics\RHI\Dx12</Filter>
    </ClCompile>
    <ClCompile Include="Graphics\RHI\PipelineState.cpp">
      <Filter>Engine\Graphics\RHI</Filter>
    </ClCompile>
    <ClCompile Include="Graphics\RHI\RootSignature.cpp">
      <Filter>Engine\Graphics\RHI</Filter>
    </ClCompile>
    <ClCompile Include="Graphics\RHI\Dx12\Dx12RootSignature.cpp">
      <Filter>Engine\Graphics\RHI\Dx12</Filter>
    </ClCompile>
    <ClCompile Include="Graphics\RHI\DescriptorSet.cpp">
      <Filter>Engine\Graphics\RHI</Filter>
    </ClCompile>
    <ClCompile Include="Graphics\RHI\Dx12\Dx12PipelineState.cpp">
      <Filter>Engine\Graphics\RHI\Dx12</Filter>
    </ClCompile>
    <ClCompile Include="Graphics\RHI\Dx12\Dx12Fence.cpp">
      <Filter>Engine\Graphics\RHI\Dx12</Filter>
    </ClCompile>
    <ClCompile Include="Graphics\RHI\Dx12\Dx12DescriptorPool.cpp">
      <Filter>Engine\Graphics\RHI\Dx12</Filter>
    </ClCompile>
    <ClCompile Include="Graphics\RHI\RHITexture.cpp">
      <Filter>Engine\Graphics\RHI</Filter>
    </ClCompile>
    <ClCompile Include="Graphics\RHI\Dx12\Dx12Texture.cpp">
      <Filter>Engine\Graphics\RHI\Dx12</Filter>
    </ClCompile>
    <ClCompile Include="Graphics\RHI\Dx12\Dx12ResourceView.cpp">
      <Filter>Engine\Graphics\RHI\Dx12</Filter>
    </ClCompile>
    <ClCompile Include="Math\Primitives\aabb3.cpp">
      <Filter>Engine\Math\Primitives</Filter>
    </ClCompile>
    <ClCompile Include="Math\Primitives\frustum.cpp">
      <Filter>Engine\Math\Primitives</Filter>
    </ClCompile>
    <ClCompile Include="Math\Primitives\obb3.cpp">
      <Filter>Engine\Math\Primitives</Filter>
    </ClCompile>
    <ClCompile Include="Math\Primitives\plane.cpp">
      <Filter>Engine\Math\Primitives</Filter>
    </ClCompile>
    <ClCompile Include="Math\Primitives\ray3.cpp">
      <Filter>Engine\Math\Primitives</Filter>
    </ClCompile>
    <ClCompile Include="Math\Range.cpp">
      <Filter>Engine\Math\Primitives</Filter>
    </ClCompile>
    <ClCompile Include="Math\Primitives\sphere.cpp">
      <Filter>Engine\Math\Primitives</Filter>
    </ClCompile>
    <ClCompile Include="Graphics\RHI\Dx12\Dx12DescriptorSet.cpp">
      <Filter>Engine\Graphics\RHI\Dx12</Filter>
    </ClCompile>
    <ClCompile Include="Graphics\RHI\ResourceView.cpp">
      <Filter>Engine\Graphics\RHI</Filter>
    </ClCompile>
    <ClCompile Include="Graphics\RHI\FrameBuffer.cpp">
      <Filter>Engine\Graphics\RHI</Filter>
    </ClCompile>
    <ClCompile Include="Graphics\RHI\Texture.cpp">
      <Filter>Engine\Graphics\RHI</Filter>
    </ClCompile>
    <ClCompile Include="Graphics\Model\Mesh.cpp">
      <Filter>Engine\Graphics\Model</Filter>
    </ClCompile>
    <ClCompile Include="Graphics\Model\Vertex.cpp">
      <Filter>Engine\Graphics\Model</Filter>
    </ClCompile>
    <ClCompile Include="Graphics\RHI\VertexLayout.cpp">
      <Filter>Engine\Graphics\RHI</Filter>
    </ClCompile>
    <ClCompile Include="Debug\Profile\Overlay.cpp">
      <Filter>Engine\Debug\Profile</Filter>
    </ClCompile>
    <ClCompile Include="Debug\Profile\Profiler.cpp">
      <Filter>Engine\Debug\Profile</Filter>
    </ClCompile>
    <ClCompile Include="Debug\Profile\Report.cpp">
      <Filter>Engine\Debug\Profile</Filter>
    </ClCompile>
    <ClCompile Include="Graphics\Camera.cpp">
      <Filter>Engine\Graphics</Filter>
    </ClCompile>
    <ClCompile Include="Graphics\Model\Mesher.cpp">
      <Filter>Engine\Graphics\Model</Filter>
    </ClCompile>
    <ClCompile Include="Async\Thread.cpp">
      <Filter>Engine\Async</Filter>
    </ClCompile>
    <ClCompile Include="Graphics\RHI\TypedBuffer.cpp">
      <Filter>Engine\Graphics\RHI</Filter>
    </ClCompile>
    <ClCompile Include="Graphics\RHI\Shader.cpp">
      <Filter>Engine\Graphics\RHI</Filter>
    </ClCompile>
    <ClCompile Include="Graphics\RHI\Dx12\Dx12Shader.cpp">
      <Filter>Engine\Graphics\RHI\Dx12</Filter>
    </ClCompile>
    <ClCompile Include="Graphics\Program\Program.cpp">
      <Filter>Engine\Graphics\Program</Filter>
    </ClCompile>
    <ClCompile Include="Graphics\Program\Material.cpp">
      <Filter>Engine\Graphics\Program</Filter>
    </ClCompile>
    <ClCompile Include="Graphics\Font.cpp">
      <Filter>Engine\Graphics</Filter>
    </ClCompile>
    <ClCompile Include="Renderer\ImmediateRenderer.cpp">
      <Filter>Engine\Renderer</Filter>
    </ClCompile>
    <ClCompile Include="Renderer\SceneRenderer\SceneRenderer.cpp">
      <Filter>Engine\Renderer\SceneRenderer</Filter>
    </ClCompile>
    <ClCompile Include="Graphics\Program\ProgramIns.cpp">
      <Filter>Engine\Graphics\Program</Filter>
    </ClCompile>
  </ItemGroup>
  <ItemGroup>
    <ClInclude Include="Math\MathUtils.hpp">
      <Filter>Engine\Math</Filter>
    </ClInclude>
    <ClInclude Include="Core\Rgba.hpp">
      <Filter>Engine\Core</Filter>
    </ClInclude>
    <ClInclude Include="Renderer\Renderer.hpp">
      <Filter>Engine\Renderer</Filter>
    </ClInclude>
    <ClInclude Include="Input\Input.hpp">
      <Filter>Engine\Input</Filter>
    </ClInclude>
    <ClInclude Include="Input\KeyState.hpp">
      <Filter>Engine\Input</Filter>
    </ClInclude>
    <ClInclude Include="Input\XboxController.hpp">
      <Filter>Engine\Input</Filter>
    </ClInclude>
    <ClInclude Include="Renderer\Texture.hpp">
      <Filter>Engine\Renderer</Filter>
    </ClInclude>
    <ClInclude Include="..\ThirdParty\stb\stb_image.h">
      <Filter>ThirdParty\stb</Filter>
    </ClInclude>
    <ClInclude Include="Renderer\SpriteSheet.hpp">
      <Filter>Engine\Renderer</Filter>
    </ClInclude>
    <ClInclude Include="Core\StringUtils.hpp">
      <Filter>Engine\Core</Filter>
    </ClInclude>
    <ClInclude Include="Audio\Audio.hpp">
      <Filter>Engine\Audio</Filter>
    </ClInclude>
    <ClInclude Include="..\ThirdParty\fmod\fmod.h">
      <Filter>ThirdParty\fmod</Filter>
    </ClInclude>
    <ClInclude Include="..\ThirdParty\fmod\fmod.hpp">
      <Filter>ThirdParty\fmod</Filter>
    </ClInclude>
    <ClInclude Include="..\ThirdParty\fmod\fmod_codec.h">
      <Filter>ThirdParty\fmod</Filter>
    </ClInclude>
    <ClInclude Include="..\ThirdParty\fmod\fmod_common.h">
      <Filter>ThirdParty\fmod</Filter>
    </ClInclude>
    <ClInclude Include="..\ThirdParty\fmod\fmod_dsp.h">
      <Filter>ThirdParty\fmod</Filter>
    </ClInclude>
    <ClInclude Include="..\ThirdParty\fmod\fmod_dsp_effects.h">
      <Filter>ThirdParty\fmod</Filter>
    </ClInclude>
    <ClInclude Include="..\ThirdParty\fmod\fmod_errors.h">
      <Filter>ThirdParty\fmod</Filter>
    </ClInclude>
    <ClInclude Include="..\ThirdParty\fmod\fmod_output.h">
      <Filter>ThirdParty\fmod</Filter>
    </ClInclude>
    <ClInclude Include="..\ThirdParty\pugixml\pugiconfig.hpp">
      <Filter>ThirdParty\pugixml</Filter>
    </ClInclude>
    <ClInclude Include="..\ThirdParty\pugixml\pugixml.hpp">
      <Filter>ThirdParty\pugixml</Filter>
    </ClInclude>
    <ClInclude Include="Core\Blackboard.hpp">
      <Filter>Engine\Core</Filter>
    </ClInclude>
    <ClInclude Include="Core\EngineCommon.hpp">
      <Filter>Engine\Core</Filter>
    </ClInclude>
    <ClInclude Include="Core\Image.hpp">
      <Filter>Engine\Core</Filter>
    </ClInclude>
    <ClInclude Include="Renderer\BitmapFont.hpp">
      <Filter>Engine\Renderer</Filter>
    </ClInclude>
    <ClInclude Include="Renderer\SpriteAnimSet.hpp">
      <Filter>Engine\Renderer</Filter>
    </ClInclude>
    <ClInclude Include="Renderer\SpriteAnim.hpp">
      <Filter>Engine\Renderer</Filter>
    </ClInclude>
    <ClInclude Include="Math\Curves.hpp">
      <Filter>Engine\Math</Filter>
    </ClInclude>
    <ClInclude Include="Math\Noise\RawNoise.hpp">
      <Filter>Engine\Math\Noise</Filter>
    </ClInclude>
    <ClInclude Include="Math\Noise\SmoothNoise.hpp">
      <Filter>Engine\Math\Noise</Filter>
    </ClInclude>
    <ClInclude Include="Core\Utils.hpp">
      <Filter>Engine\Core</Filter>
    </ClInclude>
    <ClInclude Include="Math\Noise\Noise.hpp">
      <Filter>Engine\Math\Noise</Filter>
    </ClInclude>
    <ClInclude Include="..\ThirdParty\yaml-cpp\anchor.h">
      <Filter>ThirdParty\yaml-cpp</Filter>
    </ClInclude>
    <ClInclude Include="..\ThirdParty\yaml-cpp\binary.h">
      <Filter>ThirdParty\yaml-cpp</Filter>
    </ClInclude>
    <ClInclude Include="..\ThirdParty\yaml-cpp\dll.h">
      <Filter>ThirdParty\yaml-cpp</Filter>
    </ClInclude>
    <ClInclude Include="..\ThirdParty\yaml-cpp\emitfromevents.h">
      <Filter>ThirdParty\yaml-cpp</Filter>
    </ClInclude>
    <ClInclude Include="..\ThirdParty\yaml-cpp\emitter.h">
      <Filter>ThirdParty\yaml-cpp</Filter>
    </ClInclude>
    <ClInclude Include="..\ThirdParty\yaml-cpp\emitterdef.h">
      <Filter>ThirdParty\yaml-cpp</Filter>
    </ClInclude>
    <ClInclude Include="..\ThirdParty\yaml-cpp\emittermanip.h">
      <Filter>ThirdParty\yaml-cpp</Filter>
    </ClInclude>
    <ClInclude Include="..\ThirdParty\yaml-cpp\emitterstyle.h">
      <Filter>ThirdParty\yaml-cpp</Filter>
    </ClInclude>
    <ClInclude Include="..\ThirdParty\yaml-cpp\eventhandler.h">
      <Filter>ThirdParty\yaml-cpp</Filter>
    </ClInclude>
    <ClInclude Include="..\ThirdParty\yaml-cpp\exceptions.h">
      <Filter>ThirdParty\yaml-cpp</Filter>
    </ClInclude>
    <ClInclude Include="..\ThirdParty\yaml-cpp\mark.h">
      <Filter>ThirdParty\yaml-cpp</Filter>
    </ClInclude>
    <ClInclude Include="..\ThirdParty\yaml-cpp\noncopyable.h">
      <Filter>ThirdParty\yaml-cpp</Filter>
    </ClInclude>
    <ClInclude Include="..\ThirdParty\yaml-cpp\null.h">
      <Filter>ThirdParty\yaml-cpp</Filter>
    </ClInclude>
    <ClInclude Include="..\ThirdParty\yaml-cpp\ostream_wrapper.h">
      <Filter>ThirdParty\yaml-cpp</Filter>
    </ClInclude>
    <ClInclude Include="..\ThirdParty\yaml-cpp\parser.h">
      <Filter>ThirdParty\yaml-cpp</Filter>
    </ClInclude>
    <ClInclude Include="..\ThirdParty\yaml-cpp\stlemitter.h">
      <Filter>ThirdParty\yaml-cpp</Filter>
    </ClInclude>
    <ClInclude Include="..\ThirdParty\yaml-cpp\traits.h">
      <Filter>ThirdParty\yaml-cpp</Filter>
    </ClInclude>
    <ClInclude Include="..\ThirdParty\yaml-cpp\yaml.h">
      <Filter>ThirdParty\yaml-cpp</Filter>
    </ClInclude>
    <ClInclude Include="Renderer\External\gl\glcorearb.h">
      <Filter>Engine\Renderer\External\gl</Filter>
    </ClInclude>
    <ClInclude Include="Renderer\External\gl\glext.h">
      <Filter>Engine\Renderer\External\gl</Filter>
    </ClInclude>
    <ClInclude Include="Renderer\External\gl\wglext.h">
      <Filter>Engine\Renderer\External\gl</Filter>
    </ClInclude>
    <ClInclude Include="Renderer\glFunctions.hpp">
      <Filter>Engine\Renderer</Filter>
    </ClInclude>
    <ClInclude Include="Renderer\RenderBuffer.hpp">
      <Filter>Engine\Renderer</Filter>
    </ClInclude>
    <ClInclude Include="File\Blob.hpp">
      <Filter>Engine\File</Filter>
    </ClInclude>
    <ClInclude Include="..\ThirdParty\yaml-cpp\contrib\anchordict.h">
      <Filter>ThirdParty\yaml-cpp\contrib</Filter>
    </ClInclude>
    <ClInclude Include="..\ThirdParty\yaml-cpp\contrib\graphbuilder.h">
      <Filter>ThirdParty\yaml-cpp\contrib</Filter>
    </ClInclude>
    <ClInclude Include="..\ThirdParty\yaml-cpp\node\convert.h">
      <Filter>ThirdParty\yaml-cpp\node</Filter>
    </ClInclude>
    <ClInclude Include="..\ThirdParty\yaml-cpp\node\emit.h">
      <Filter>ThirdParty\yaml-cpp\node</Filter>
    </ClInclude>
    <ClInclude Include="..\ThirdParty\yaml-cpp\node\impl.h">
      <Filter>ThirdParty\yaml-cpp\node</Filter>
    </ClInclude>
    <ClInclude Include="..\ThirdParty\yaml-cpp\node\iterator.h">
      <Filter>ThirdParty\yaml-cpp\node</Filter>
    </ClInclude>
    <ClInclude Include="..\ThirdParty\yaml-cpp\node\node.h">
      <Filter>ThirdParty\yaml-cpp\node</Filter>
    </ClInclude>
    <ClInclude Include="..\ThirdParty\yaml-cpp\node\parse.h">
      <Filter>ThirdParty\yaml-cpp\node</Filter>
    </ClInclude>
    <ClInclude Include="..\ThirdParty\yaml-cpp\node\ptr.h">
      <Filter>ThirdParty\yaml-cpp\node</Filter>
    </ClInclude>
    <ClInclude Include="..\ThirdParty\yaml-cpp\node\type.h">
      <Filter>ThirdParty\yaml-cpp\node</Filter>
    </ClInclude>
    <ClInclude Include="..\ThirdParty\yaml-cpp\node\detail\bool_type.h">
      <Filter>ThirdParty\yaml-cpp\node\detail</Filter>
    </ClInclude>
    <ClInclude Include="..\ThirdParty\yaml-cpp\node\detail\impl.h">
      <Filter>ThirdParty\yaml-cpp\node\detail</Filter>
    </ClInclude>
    <ClInclude Include="..\ThirdParty\yaml-cpp\node\detail\iterator.h">
      <Filter>ThirdParty\yaml-cpp\node\detail</Filter>
    </ClInclude>
    <ClInclude Include="..\ThirdParty\yaml-cpp\node\detail\iterator_fwd.h">
      <Filter>ThirdParty\yaml-cpp\node\detail</Filter>
    </ClInclude>
    <ClInclude Include="..\ThirdParty\yaml-cpp\node\detail\memory.h">
      <Filter>ThirdParty\yaml-cpp\node\detail</Filter>
    </ClInclude>
    <ClInclude Include="..\ThirdParty\yaml-cpp\node\detail\node.h">
      <Filter>ThirdParty\yaml-cpp\node\detail</Filter>
    </ClInclude>
    <ClInclude Include="..\ThirdParty\yaml-cpp\node\detail\node_data.h">
      <Filter>ThirdParty\yaml-cpp\node\detail</Filter>
    </ClInclude>
    <ClInclude Include="..\ThirdParty\yaml-cpp\node\detail\node_iterator.h">
      <Filter>ThirdParty\yaml-cpp\node\detail</Filter>
    </ClInclude>
    <ClInclude Include="..\ThirdParty\yaml-cpp\node\detail\node_ref.h">
      <Filter>ThirdParty\yaml-cpp\node\detail</Filter>
    </ClInclude>
    <ClInclude Include="Core\common.hpp">
      <Filter>Engine\Core</Filter>
    </ClInclude>
    <ClInclude Include="Core\type.h">
      <Filter>Engine\Core</Filter>
    </ClInclude>
    <ClInclude Include="Application\Window.hpp">
      <Filter>Engine\Application</Filter>
    </ClInclude>
    <ClInclude Include="Core\Delegate.hpp">
      <Filter>Engine\Core</Filter>
    </ClInclude>
    <ClInclude Include="Renderer\Sampler.hpp">
      <Filter>Engine\Renderer</Filter>
    </ClInclude>
    <ClInclude Include="File\Path.hpp">
      <Filter>Engine\File</Filter>
    </ClInclude>
    <ClInclude Include="Debug\Console\Console.hpp">
      <Filter>Engine\Debug\Console</Filter>
    </ClInclude>
    <ClInclude Include="Debug\Console\Command.hpp">
      <Filter>Engine\Debug\Console</Filter>
    </ClInclude>
    <ClInclude Include="Debug\ErrorWarningAssert.hpp">
      <Filter>Engine\Debug</Filter>
    </ClInclude>
    <ClInclude Include="Tool\Parser.hpp">
      <Filter>Engine\Tool</Filter>
    </ClInclude>
    <ClInclude Include="Renderer\Camera.hpp">
      <Filter>Engine\Renderer</Filter>
    </ClInclude>
    <ClInclude Include="Math\Primitives\AABB2.hpp">
      <Filter>Engine\Math\Primitives</Filter>
    </ClInclude>
    <ClInclude Include="Math\Primitives\Disc2.hpp">
      <Filter>Engine\Math\Primitives</Filter>
    </ClInclude>
    <ClInclude Include="Math\Primitives\FloatRange.hpp">
      <Filter>Engine\Math\Primitives</Filter>
    </ClInclude>
    <ClInclude Include="Math\Primitives\IntRange.hpp">
      <Filter>Engine\Math\Primitives</Filter>
    </ClInclude>
    <ClInclude Include="Math\Primitives\ivec2.hpp">
      <Filter>Engine\Math\Primitives</Filter>
    </ClInclude>
    <ClInclude Include="Math\Primitives\ivec3.hpp">
      <Filter>Engine\Math\Primitives</Filter>
    </ClInclude>
    <ClInclude Include="Math\Primitives\mat44.hpp">
      <Filter>Engine\Math\Primitives</Filter>
    </ClInclude>
    <ClInclude Include="Math\Primitives\uvec2.hpp">
      <Filter>Engine\Math\Primitives</Filter>
    </ClInclude>
    <ClInclude Include="Math\Primitives\uvec3.hpp">
      <Filter>Engine\Math\Primitives</Filter>
    </ClInclude>
    <ClInclude Include="Math\Primitives\vec2.hpp">
      <Filter>Engine\Math\Primitives</Filter>
    </ClInclude>
    <ClInclude Include="Math\Primitives\vec3.hpp">
      <Filter>Engine\Math\Primitives</Filter>
    </ClInclude>
    <ClInclude Include="Math\Primitives\vec4.hpp">
      <Filter>Engine\Math\Primitives</Filter>
    </ClInclude>
    <ClInclude Include="Math\Primitives\rect2.hpp">
      <Filter>Engine\Math\Primitives</Filter>
    </ClInclude>
    <ClInclude Include="..\ThirdParty\stb\stb_image_write.h">
      <Filter>ThirdParty\stb</Filter>
    </ClInclude>
    <ClInclude Include="Core\Misc\Uuid.hpp">
      <Filter>Engine\Core\Misc</Filter>
    </ClInclude>
    <ClInclude Include="Core\Time\Time.hpp">
      <Filter>Engine\Core\Time</Filter>
    </ClInclude>
    <ClInclude Include="Core\Time\Clock.hpp">
      <Filter>Engine\Core\Time</Filter>
    </ClInclude>
    <ClInclude Include="Renderer\UniformBuffer.hpp">
      <Filter>Engine\Renderer</Filter>
    </ClInclude>
    <ClInclude Include="Renderer\type.h">
      <Filter>Engine\Renderer</Filter>
    </ClInclude>
    <ClInclude Include="Renderer\Sprite.hpp">
      <Filter>Engine\Renderer</Filter>
    </ClInclude>
    <ClInclude Include="File\Utils.hpp">
      <Filter>Engine\File</Filter>
    </ClInclude>
    <ClInclude Include="File\FileSystem.hpp">
      <Filter>Engine\File</Filter>
    </ClInclude>
    <ClInclude Include="Debug\Draw.hpp">
      <Filter>Engine\Debug</Filter>
    </ClInclude>
    <ClInclude Include="..\ThirdParty\nlohmann-json\json.hpp">
      <Filter>ThirdParty\nlohmann-json</Filter>
    </ClInclude>
    <ClInclude Include="Persistence\json.hpp">
      <Filter>Engine\Persistence</Filter>
    </ClInclude>
    <ClInclude Include="Persistence\xml.hpp">
      <Filter>Engine\Persistence</Filter>
    </ClInclude>
    <ClInclude Include="Persistence\yaml.hpp">
      <Filter>Engine\Persistence</Filter>
    </ClInclude>
    <ClInclude Include="Renderer\Font.hpp">
      <Filter>Engine\Renderer</Filter>
    </ClInclude>
    <ClInclude Include="Persistence\json.forward.hpp">
      <Filter>Engine\Persistence</Filter>
    </ClInclude>
    <ClInclude Include="Core\Resource.hpp">
      <Filter>Engine\Core</Filter>
    </ClInclude>
    <ClInclude Include="Renderer\Geometry\Mesh.hpp">
      <Filter>Engine\Renderer\Geometry</Filter>
    </ClInclude>
    <ClInclude Include="Renderer\Geometry\VertexBuffer.hpp">
      <Filter>Engine\Renderer\Geometry</Filter>
    </ClInclude>
    <ClInclude Include="Renderer\Geometry\IndexBuffer.hpp">
      <Filter>Engine\Renderer\Geometry</Filter>
    </ClInclude>
    <ClInclude Include="Renderer\Geometry\Vertex.hpp">
      <Filter>Engine\Renderer\Geometry</Filter>
    </ClInclude>
    <ClInclude Include="Renderer\Geometry\Mesher.hpp">
      <Filter>Engine\Renderer\Geometry</Filter>
    </ClInclude>
    <ClInclude Include="Renderer\Geometry\type.h">
      <Filter>Engine\Renderer\Geometry</Filter>
    </ClInclude>
    <ClInclude Include="Core\Gradient.hpp">
      <Filter>Engine\Core</Filter>
    </ClInclude>
    <ClInclude Include="Math\Transform.hpp">
      <Filter>Engine\Math</Filter>
    </ClInclude>
    <ClInclude Include="Renderer\Shader\ShaderProgram.hpp">
      <Filter>Engine\Renderer\Shader</Filter>
    </ClInclude>
    <ClInclude Include="Renderer\Shader\ShaderStage.hpp">
      <Filter>Engine\Renderer\Shader</Filter>
    </ClInclude>
    <ClInclude Include="Renderer\Shader\Shader.hpp">
      <Filter>Engine\Renderer\Shader</Filter>
    </ClInclude>
    <ClInclude Include="..\ThirdParty\mikktspace\mikktspace.h">
      <Filter>ThirdParty\mikktspace</Filter>
    </ClInclude>
    <ClInclude Include="Renderer\Shader\Material.hpp">
      <Filter>Engine\Renderer\Shader</Filter>
    </ClInclude>
    <ClInclude Include="Math\Primitives\quaternion.hpp">
      <Filter>Engine\Math\Primitives</Filter>
    </ClInclude>
    <ClInclude Include="Renderer\Renderable\Renderable.hpp">
      <Filter>Engine\Renderer\Renderable</Filter>
    </ClInclude>
    <ClInclude Include="Renderer\RenderScene.hpp">
      <Filter>Engine\Renderer</Filter>
    </ClInclude>
    <ClInclude Include="Framework\Light.hpp">
      <Filter>Engine\Framework</Filter>
    </ClInclude>
    <ClInclude Include="Renderer\RenderTask.hpp">
      <Filter>Engine\Renderer</Filter>
    </ClInclude>
    <ClInclude Include="Renderer\ForwardRendering.hpp">
      <Filter>Engine\Renderer</Filter>
    </ClInclude>
    <ClInclude Include="Renderer\Shader\ShaderPass.hpp">
      <Filter>Engine\Renderer\Shader</Filter>
    </ClInclude>
    <ClInclude Include="Renderer\Shader\PropertyBlock.hpp">
      <Filter>Engine\Renderer\Shader</Filter>
    </ClInclude>
    <ClInclude Include="Effect\ParticleEmitter.hpp">
      <Filter>Engine\Effect</Filter>
    </ClInclude>
    <ClInclude Include="Renderer\RenderTarget.hpp">
      <Filter>Engine\Renderer</Filter>
    </ClInclude>
    <ClInclude Include="Renderer\AfterEffect\AfterEffect.hpp">
      <Filter>Engine\Renderer\AfterEffect</Filter>
    </ClInclude>
    <ClInclude Include="Renderer\AfterEffect\BloomEffect.hpp">
      <Filter>Engine\Renderer\AfterEffect</Filter>
    </ClInclude>
    <ClInclude Include="Renderer\AfterEffect\FogEffect.hpp">
      <Filter>Engine\Renderer\AfterEffect</Filter>
    </ClInclude>
    <ClInclude Include="File\File.hpp">
      <Filter>Engine\File</Filter>
    </ClInclude>
    <ClInclude Include="Debug\Log.hpp">
      <Filter>Engine\Debug</Filter>
    </ClInclude>
    <ClInclude Include="Core\Engine.hpp">
      <Filter>Engine\Core</Filter>
    </ClInclude>
    <ClInclude Include="Renderer\TextureArray.hpp">
      <Filter>Engine\Renderer</Filter>
    </ClInclude>
    <ClInclude Include="Graphics\RHI\RHI.hpp">
      <Filter>Engine\Graphics\RHI</Filter>
    </ClInclude>
    <ClInclude Include="Graphics\RHI\RHIBuffer.hpp">
      <Filter>Engine\Graphics\RHI</Filter>
    </ClInclude>
    <ClInclude Include="Graphics\RHI\RHIDevice.hpp">
      <Filter>Engine\Graphics\RHI</Filter>
    </ClInclude>
    <ClInclude Include="Graphics\RHI\RHIContext.hpp">
      <Filter>Engine\Graphics\RHI</Filter>
    </ClInclude>
    <ClInclude Include="Graphics\RHI\DescriptorPool.hpp">
      <Filter>Engine\Graphics\RHI</Filter>
    </ClInclude>
    <ClInclude Include="Graphics\RHI\Fence.hpp">
      <Filter>Engine\Graphics\RHI</Filter>
    </ClInclude>
    <ClInclude Include="Graphics\RHI\Dx12\Dx12DescriptorHeap.hpp">
      <Filter>Engine\Graphics\RHI\Dx12</Filter>
    </ClInclude>
    <ClInclude Include="Graphics\RHI\Dx12\dx12util.hpp">
      <Filter>Engine\Graphics\RHI\Dx12</Filter>
    </ClInclude>
    <ClInclude Include="Graphics\RHI\FencedPool.hpp">
      <Filter>Engine\Graphics\RHI</Filter>
    </ClInclude>
    <ClInclude Include="Graphics\RHI\RHIContextData.hpp">
      <Filter>Engine\Graphics\RHI</Filter>
    </ClInclude>
    <ClInclude Include="Graphics\RHI\Dx12\Dx12MetaData.h">
      <Filter>Engine\Graphics\RHI\Dx12</Filter>
    </ClInclude>
    <ClInclude Include="Graphics\RHI\Dx12\Dx12Resource.hpp">
      <Filter>Engine\Graphics\RHI\Dx12</Filter>
    </ClInclude>
    <ClInclude Include="Graphics\RHI\PipelineState.hpp">
      <Filter>Engine\Graphics\RHI</Filter>
    </ClInclude>
    <ClInclude Include="Graphics\RHI\RootSignature.hpp">
      <Filter>Engine\Graphics\RHI</Filter>
    </ClInclude>
    <ClInclude Include="Graphics\RHI\DescriptorSet.hpp">
      <Filter>Engine\Graphics\RHI</Filter>
    </ClInclude>
    <ClInclude Include="Graphics\RHI\Dx12\Dx12DescriptorData.hpp">
      <Filter>Engine\Graphics\RHI\Dx12</Filter>
    </ClInclude>
    <ClInclude Include="Graphics\RHI\RHIResource.hpp">
      <Filter>Engine\Graphics\RHI</Filter>
    </ClInclude>
    <ClInclude Include="Graphics\RHI\RHITexture.hpp">
      <Filter>Engine\Graphics\RHI</Filter>
    </ClInclude>
    <ClInclude Include="Graphics\RHI\ResourceView.hpp">
      <Filter>Engine\Graphics\RHI</Filter>
    </ClInclude>
    <ClInclude Include="Math\Primitives\aabb3.hpp">
      <Filter>Engine\Math\Primitives</Filter>
    </ClInclude>
    <ClInclude Include="Math\Primitives\frustum.hpp">
      <Filter>Engine\Math\Primitives</Filter>
    </ClInclude>
    <ClInclude Include="Math\Primitives\obb3.hpp">
      <Filter>Engine\Math\Primitives</Filter>
    </ClInclude>
    <ClInclude Include="Math\Primitives\plane.hpp">
      <Filter>Engine\Math\Primitives</Filter>
    </ClInclude>
    <ClInclude Include="Math\Primitives\ray3.hpp">
      <Filter>Engine\Math\Primitives</Filter>
    </ClInclude>
    <ClInclude Include="Physics\contact3.hpp">
      <Filter>Engine\Physics</Filter>
    </ClInclude>
    <ClInclude Include="Math\Range.hpp">
      <Filter>Engine\Math\Primitives</Filter>
    </ClInclude>
    <ClInclude Include="Math\Primitives\sphere.hpp">
      <Filter>Engine\Math\Primitives</Filter>
    </ClInclude>
    <ClInclude Include="Graphics\RHI\FrameBuffer.hpp">
      <Filter>Engine\Graphics\RHI</Filter>
    </ClInclude>
    <ClInclude Include="Graphics\RHI\Texture.hpp">
      <Filter>Engine\Graphics\RHI</Filter>
    </ClInclude>
    <ClInclude Include="Graphics\Model\Mesh.hpp">
      <Filter>Engine\Graphics\Model</Filter>
    </ClInclude>
    <ClInclude Include="Graphics\Model\Vertex.hpp">
      <Filter>Engine\Graphics\Model</Filter>
    </ClInclude>
    <ClInclude Include="Graphics\RHI\VertexLayout.hpp">
      <Filter>Engine\Graphics\RHI</Filter>
    </ClInclude>
    <ClInclude Include="Graphics\RHI\RHIType.hpp">
      <Filter>Engine\Graphics\RHI</Filter>
    </ClInclude>
    <ClInclude Include="Debug\Profile\Overlay.hpp">
      <Filter>Engine\Debug\Profile</Filter>
    </ClInclude>
    <ClInclude Include="Debug\Profile\Profiler.hpp">
      <Filter>Engine\Debug\Profile</Filter>
    </ClInclude>
    <ClInclude Include="Debug\Profile\Report.hpp">
      <Filter>Engine\Debug\Profile</Filter>
    </ClInclude>
    <ClInclude Include="Config.hpp">
      <Filter>Engine</Filter>
    </ClInclude>
    <ClInclude Include="Graphics\Camera.hpp">
      <Filter>Engine\Graphics</Filter>
    </ClInclude>
    <ClInclude Include="Graphics\Model\Mesher.hpp">
      <Filter>Engine\Graphics\Model</Filter>
    </ClInclude>
    <ClInclude Include="Async\Thread.hpp">
      <Filter>Engine\Async</Filter>
    </ClInclude>
    <ClInclude Include="Graphics\RHI\TypedBuffer.hpp">
      <Filter>Engine\Graphics\RHI</Filter>
    </ClInclude>
    <ClInclude Include="Graphics\RHI\Shader.hpp">
      <Filter>Engine\Graphics\RHI</Filter>
    </ClInclude>
    <ClInclude Include="Graphics\Program\Program.hpp">
      <Filter>Engine\Graphics\Program</Filter>
    </ClInclude>
    <ClInclude Include="Graphics\Program\Material.hpp">
      <Filter>Engine\Graphics\Program</Filter>
    </ClInclude>
    <ClInclude Include="..\ThirdParty\d3d12\FallbackLayer\d3d12.h">
      <Filter>ThirdParty\d3d12\FallbackLayer</Filter>
    </ClInclude>
    <ClInclude Include="..\ThirdParty\d3d12\FallbackLayer\d3d12_1.h">
      <Filter>ThirdParty\d3d12\FallbackLayer</Filter>
    </ClInclude>
    <ClInclude Include="..\ThirdParty\d3d12\FallbackLayer\D3D12RaytracingFallback.h">
      <Filter>ThirdParty\d3d12\FallbackLayer</Filter>
    </ClInclude>
    <ClInclude Include="..\ThirdParty\d3d12\FallbackLayer\D3D12RaytracingPrototypeHelpers.hpp">
      <Filter>ThirdParty\d3d12\FallbackLayer</Filter>
    </ClInclude>
    <ClInclude Include="..\ThirdParty\d3d12\FallbackLayer\d3d12video.h">
      <Filter>ThirdParty\d3d12\FallbackLayer</Filter>
    </ClInclude>
    <ClInclude Include="..\ThirdParty\d3d12\FallbackLayer\d3dx12.h">
      <Filter>ThirdParty\d3d12\FallbackLayer</Filter>
    </ClInclude>
    <ClInclude Include="..\ThirdParty\d3d12\FallbackLayer\dxcapi.h">
      <Filter>ThirdParty\d3d12\FallbackLayer</Filter>
    </ClInclude>
    <ClInclude Include="Graphics\RHI\Dx12\d3d12.h">
      <Filter>Engine\Graphics\RHI\Dx12</Filter>
    </ClInclude>
    <ClInclude Include="Graphics\Font.hpp">
      <Filter>Engine\Graphics</Filter>
    </ClInclude>
    <ClInclude Include="Renderer\ImmediateRenderer.hpp">
      <Filter>Engine\Renderer</Filter>
    </ClInclude>
    <ClInclude Include="..\ThirdParty\WinPixEventRuntime\Include\pix3.h">
      <Filter>ThirdParty\WinPixEventRuntime\include</Filter>
    </ClInclude>
    <ClInclude Include="..\ThirdParty\WinPixEventRuntime\Include\pix3_win.h">
      <Filter>ThirdParty\WinPixEventRuntime\include</Filter>
    </ClInclude>
    <ClInclude Include="..\ThirdParty\WinPixEventRuntime\Include\PIXEventsCommon.h">
      <Filter>ThirdParty\WinPixEventRuntime\include</Filter>
    </ClInclude>
    <ClInclude Include="..\ThirdParty\WinPixEventRuntime\Include\PIXEventsGenerated.h">
      <Filter>ThirdParty\WinPixEventRuntime\include</Filter>
    </ClInclude>
    <ClInclude Include="Renderer\SceneRenderer\SceneRenderer.hpp">
      <Filter>Engine\Renderer\SceneRenderer</Filter>
    </ClInclude>
    <ClInclude Include="Graphics\RHI\Dx12\Dx12RootSignature.hpp">
      <Filter>Engine\Graphics\RHI\Dx12</Filter>
    </ClInclude>
    <ClInclude Include="Graphics\Program\ProgramIns.hpp">
      <Filter>Engine\Graphics\Program</Filter>
    </ClInclude>
    <ClInclude Include="Renderer\Shader\ShaderInterop.h">
      <Filter>Engine\Renderer\Shader</Filter>
    </ClInclude>
  </ItemGroup>
  <ItemGroup>
    <Library Include="..\ThirdParty\fmod\fmod_vc.lib">
      <Filter>ThirdParty\fmod</Filter>
    </Library>
    <Library Include="..\ThirdParty\fmod\fmod64_vc.lib">
      <Filter>ThirdParty\fmod</Filter>
    </Library>
    <Library Include="..\ThirdParty\WinPixEventRuntime\bin\WinPixEventRuntime.lib">
      <Filter>ThirdParty\WinPixEventRuntime\bin</Filter>
    </Library>
    <Library Include="..\ThirdParty\WinPixEventRuntime\bin\WinPixEventRuntime_UAP.lib">
      <Filter>ThirdParty\WinPixEventRuntime\bin</Filter>
    </Library>
  </ItemGroup>
  <ItemGroup>
    <None Include="..\ThirdParty\gsl\gsl">
      <Filter>ThirdParty\gsl</Filter>
    </None>
    <None Include="..\ThirdParty\gsl\gsl_algorithm">
      <Filter>ThirdParty\gsl</Filter>
    </None>
    <None Include="..\ThirdParty\gsl\gsl_assert">
      <Filter>ThirdParty\gsl</Filter>
    </None>
    <None Include="..\ThirdParty\gsl\gsl_byte">
      <Filter>ThirdParty\gsl</Filter>
    </None>
    <None Include="..\ThirdParty\gsl\gsl_util">
      <Filter>ThirdParty\gsl</Filter>
    </None>
    <None Include="..\ThirdParty\gsl\multi_span">
      <Filter>ThirdParty\gsl</Filter>
    </None>
    <None Include="..\ThirdParty\gsl\pointers">
      <Filter>ThirdParty\gsl</Filter>
    </None>
    <None Include="..\ThirdParty\gsl\span">
      <Filter>ThirdParty\gsl</Filter>
    </None>
    <None Include="..\ThirdParty\gsl\string_span">
      <Filter>ThirdParty\gsl</Filter>
    </None>
    <None Include="..\Content\font\FiraMono.font">
      <Filter>Content\font</Filter>
    </None>
    <None Include="..\Content\font\trebuchet.font">
      <Filter>Content\font</Filter>
    </None>
    <None Include="..\Content\shader\debug\debug_draw.shader">
      <Filter>Content\shader\debug</Filter>
    </None>
    <None Include="..\Content\shader\default\alpha.shader">
      <Filter>Content\shader\default</Filter>
    </None>
    <None Include="..\Content\shader\default\default.shader">
      <Filter>Content\shader\default</Filter>
    </None>
    <None Include="..\Content\shader\default\default_lit.shader">
      <Filter>Content\shader\default</Filter>
    </None>
    <None Include="..\Content\shader\default\font.shader">
      <Filter>Content\shader\default</Filter>
    </None>
    <None Include="..\Content\shader\effect\effect_bloom.shader">
      <Filter>Content\shader\effect</Filter>
    </None>
    <None Include="..\Content\shader\effect\effect_fog.shader">
      <Filter>Content\shader\effect</Filter>
    </None>
    <None Include="..\Content\shader\ui\default.shader">
      <Filter>Content\shader\ui</Filter>
    </None>
    <None Include="..\Content\shader\ui\font.shader">
      <Filter>Content\shader\ui</Filter>
    </None>
    <None Include="..\Content\shader\default\solid.shader">
      <Filter>Content\shader\default</Filter>
    </None>
    <None Include="..\ThirdParty\d3d12\FallbackLayer\FallbackLayer_debug.pdb">
      <Filter>ThirdParty\d3d12\FallbackLayer</Filter>
    </None>
    <None Include="packages.config" />
    <None Include="..\ThirdParty\WinPixEventRuntime\bin\WinPixEventRuntime.dll">
      <Filter>ThirdParty\WinPixEventRuntime\bin</Filter>
    </None>
    <None Include="..\ThirdParty\WinPixEventRuntime\bin\WinPixEventRuntime_UAP.dll">
      <Filter>ThirdParty\WinPixEventRuntime\bin</Filter>
    </None>
    <None Include="Renderer\SceneRenderer\GenGBuffer.hlsli">
      <Filter>Engine\Renderer\SceneRenderer</Filter>
    </None>
    <None Include="Renderer\Shader\Light.hlsl">
      <Filter>Engine\Renderer\Shader</Filter>
    </None>
    <None Include="Renderer\SceneRenderer\Common.hlsli">
      <Filter>Engine\Renderer\SceneRenderer</Filter>
    </None>
    <None Include="Renderer\SceneRenderer\Surfel.hlsli">
      <Filter>Engine\Renderer\SceneRenderer</Filter>
    </None>
    <None Include="Renderer\Shader\Random.hlsli">
      <Filter>Engine\Renderer\Shader</Filter>
    </None>
    <None Include="Renderer\Shader\Math.hlsl">
      <Filter>Engine\Renderer\Shader</Filter>
    </None>
    <None Include="Renderer\SceneRenderer\Lighting.hlsli">
      <Filter>Engine\Renderer\SceneRenderer</Filter>
    </None>
    <None Include="Renderer\SceneRenderer\fxaa.hlsli">
      <Filter>Engine\Renderer\SceneRenderer</Filter>
    </None>
  </ItemGroup>
  <ItemGroup>
    <Natvis Include="..\ThirdParty\gsl\GSL.natvis">
      <Filter>ThirdParty\gsl</Filter>
    </Natvis>
    <Natvis Include="..\ThirdParty\nlohmann-json\nlohmann_json.natvis">
      <Filter>ThirdParty\nlohmann-json</Filter>
    </Natvis>
  </ItemGroup>
  <ItemGroup>
    <Image Include="..\Content\font\trebuchet.png">
      <Filter>Content\font</Filter>
    </Image>
    <Image Include="..\Content\font\FiraMono.png">
      <Filter>Content\font</Filter>
    </Image>
    <Image Include="..\Content\image\particle_default.png">
      <Filter>Content\image</Filter>
    </Image>
  </ItemGroup>
  <ItemGroup>
    <FxCompile Include="Renderer\SceneRenderer\GenGBuffer_ps.hlsl">
      <Filter>Engine\Renderer\SceneRenderer</Filter>
    </FxCompile>
    <FxCompile Include="Renderer\SceneRenderer\GenGBuffer_vs.hlsl">
      <Filter>Engine\Renderer\SceneRenderer</Filter>
    </FxCompile>
    <FxCompile Include="Renderer\SceneRenderer\DeferredLighting_cs.hlsl">
      <Filter>Engine\Renderer\SceneRenderer</Filter>
    </FxCompile>
    <FxCompile Include="Renderer\SceneRenderer\GenAO_cs.hlsl">
      <Filter>Engine\Renderer\SceneRenderer</Filter>
    </FxCompile>
    <FxCompile Include="Renderer\SceneRenderer\GenAccelerationStructure_cs.hlsl">
      <Filter>Engine\Renderer\SceneRenderer</Filter>
    </FxCompile>
    <FxCompile Include="Renderer\SceneRenderer\SurfelPlacement_cs.hlsl">
      <Filter>Engine\Renderer\SceneRenderer</Filter>
    </FxCompile>
    <FxCompile Include="Renderer\SceneRenderer\SurfelVisual_cs.hlsl">
      <Filter>Engine\Renderer\SceneRenderer</Filter>
    </FxCompile>
    <FxCompile Include="Renderer\SceneRenderer\SurfelCoverageCompute_cs.hlsl">
      <Filter>Engine\Renderer\SceneRenderer</Filter>
    </FxCompile>
    <FxCompile Include="Renderer\SceneRenderer\SurfelGI_cs.hlsl">
      <Filter>Engine\Renderer\SceneRenderer</Filter>
    </FxCompile>
    <FxCompile Include="Renderer\SceneRenderer\DeferredLighting_ComputeIndirect_cs.hlsl">
      <Filter>Engine\Renderer\SceneRenderer</Filter>
    </FxCompile>
    <FxCompile Include="Renderer\SceneRenderer\PathTracing_cs.hlsl">
      <Filter>Engine\Renderer\SceneRenderer</Filter>
    </FxCompile>
    <FxCompile Include="Renderer\SceneRenderer\fullScreen_vs.hlsl">
      <Filter>Engine\Renderer\SceneRenderer</Filter>
    </FxCompile>
    <FxCompile Include="Renderer\SceneRenderer\fxaa_ps.hlsl">
      <Filter>Engine\Renderer\SceneRenderer</Filter>
    </FxCompile>
    <FxCompile Include="Renderer\SceneRenderer\fxaa_vs.hlsl">
      <Filter>Engine\Renderer\SceneRenderer</Filter>
    </FxCompile>
  </ItemGroup>
</Project>